{
  "name": "proyecto",
  "lockfileVersion": 3,
  "requires": true,
  "packages": {
    "": {
      "name": "proyecto",
      "dependencies": {
        "lib": "^5.1.0",
        "ts": "^0.0.0"
      }
    },
    "node_modules/lib": {
      "version": "5.1.0",
      "resolved": "https://registry.npmjs.org/lib/-/lib-5.1.0.tgz",
      "integrity": "sha512-RqaGSpLSf6vtSls86+kUqMuQkNiXLtUFbKrh/mKOuZmi3ENJOXHsScw8/grKOLzDgYTgOvpFPGgmNsEh5f2yuA==",
      "engines": {
        "node": ">=4.0.0"
      }
    },
    "node_modules/span": {
      "version": "0.0.6",
      "resolved": "https://registry.npmjs.org/span/-/span-0.0.6.tgz",
      "integrity": "sha512-/pDaxDE8jcMP8lRgarab5cirykIZHN0+HyoEq/iU+pUXhwBkcNhRSW3oERFqDE+ZNQyR3tkWJGVNyQn7yLf+Ew=="
    },
    "node_modules/ts": {
      "version": "0.0.0",
      "resolved": "https://registry.npmjs.org/ts/-/ts-0.0.0.tgz",
      "integrity": "sha512-vbXOvciZMgKrKHDVhYXc8X/jOwofDtRG0dB8Hf8GNawe3mmw+zgXZRjKpz89eJrZdPvM+uRM+WfCJf6KBsCfbQ==",
      "dependencies": {
        "span": "~0.0.5"
      },
      "bin": {
        "ts": "bin/ts.js"
      }
    }
  }
}
